github.com/official-stallion/stallion v1.1.2 h1:C7FP+vUIGKzSWPUygUWQkmiHYDviOAYSyWi6zvvMehk=
github.com/official-stallion/stallion v1.1.2/go.mod h1:LfyuiZ9IPozTGuaDxB/n/zzlYZksSgAbSHIFDC5aQCs=
github.com/official-stallion/stallion v1.4.0 h1:6qcyZgMXFxlG/vuwI9eKKaqtiaTgkBpQAh+V1fl4snw=
github.com/official-stallion/stallion v1.4.0/go.mod h1:3wKG/OIybmPbYlA9JXF4TY1wuJHUuUxbCSrik2uDmlQ=
github.com/official-stallion/stallion v1.4.1 h1:3GDaU2Uc0ljOxT2rOCbWqhaZWdZMzmU0fL7RjQG9boE=
github.com/official-stallion/stallion v1.4.1/go.mod h1:3wKG/OIybmPbYlA9JXF4TY1wuJHUuUxbCSrik2uDmlQ=
